
Microsoft Visual Studio Solution File, Format Version 12.00
# Visual Studio Version 16
VisualStudioVersion = 16.0.30907.101
MinimumVisualStudioVersion = 10.0.40219.1
Project("{9A19103F-16F7-4668-BE54-9A1E7A4F7556}") = "Entities", "Entities\Entities.csproj", "{0B88C83D-F459-459E-BA28-8F5BC8A643F2}"
EndProject
Project("{9A19103F-16F7-4668-BE54-9A1E7A4F7556}") = "DataAccess", "DataAccess\DataAccess.csproj", "{3D74F3AF-30B8-4EFF-941F-AFC2EE2D8E29}"
EndProject
Project("{9A19103F-16F7-4668-BE54-9A1E7A4F7556}") = "Business", "Business\Business.csproj", "{F66A423F-EF11-4197-83B3-CC4384CFFF29}"
EndProject
Project("{9A19103F-16F7-4668-BE54-9A1E7A4F7556}") = "ConsoleUI", "ConsoleUI\ConsoleUI.csproj", "{3F14E03C-1788-4545-B64D-CB6671E73D64}"
EndProject
Project("{9A19103F-16F7-4668-BE54-9A1E7A4F7556}") = "Core", "Core\Core.csproj", "{2A38E12D-8B26-47CB-8CEE-B78375694914}"
EndProject
Project("{FAE04EC0-301F-11D3-BF4B-00C04F79EFBC}") = "WebAPI", "WebAPI\WebAPI.csproj", "{FD2789A9-E5D1-4557-85E3-024CA8A74FC2}"
EndProject
Global
	GlobalSection(SolutionConfigurationPlatforms) = preSolution
		Debug|Any CPU = Debug|Any CPU
		Release|Any CPU = Release|Any CPU
	EndGlobalSection
	GlobalSection(ProjectConfigurationPlatforms) = postSolution
		{0B88C83D-F459-459E-BA28-8F5BC8A643F2}.Debug|Any CPU.ActiveCfg = Debug|Any CPU
		{0B88C83D-F459-459E-BA28-8F5BC8A643F2}.Debug|Any CPU.Build.0 = Debug|Any CPU
		{0B88C83D-F459-459E-BA28-8F5BC8A643F2}.Release|Any CPU.ActiveCfg = Release|Any CPU
		{0B88C83D-F459-459E-BA28-8F5BC8A643F2}.Release|Any CPU.Build.0 = Release|Any CPU
		{3D74F3AF-30B8-4EFF-941F-AFC2EE2D8E29}.Debug|Any CPU.ActiveCfg = Debug|Any CPU
		{3D74F3AF-30B8-4EFF-941F-AFC2EE2D8E29}.Debug|Any CPU.Build.0 = Debug|Any CPU
		{3D74F3AF-30B8-4EFF-941F-AFC2EE2D8E29}.Release|Any CPU.ActiveCfg = Release|Any CPU
		{3D74F3AF-30B8-4EFF-941F-AFC2EE2D8E29}.Release|Any CPU.Build.0 = Release|Any CPU
		{F66A423F-EF11-4197-83B3-CC4384CFFF29}.Debug|Any CPU.ActiveCfg = Debug|Any CPU
		{F66A423F-EF11-4197-83B3-CC4384CFFF29}.Debug|Any CPU.Build.0 = Debug|Any CPU
		{F66A423F-EF11-4197-83B3-CC4384CFFF29}.Release|Any CPU.ActiveCfg = Release|Any CPU
		{F66A423F-EF11-4197-83B3-CC4384CFFF29}.Release|Any CPU.Build.0 = Release|Any CPU
		{3F14E03C-1788-4545-B64D-CB6671E73D64}.Debug|Any CPU.ActiveCfg = Debug|Any CPU
		{3F14E03C-1788-4545-B64D-CB6671E73D64}.Debug|Any CPU.Build.0 = Debug|Any CPU
		{3F14E03C-1788-4545-B64D-CB6671E73D64}.Release|Any CPU.ActiveCfg = Release|Any CPU
		{3F14E03C-1788-4545-B64D-CB6671E73D64}.Release|Any CPU.Build.0 = Release|Any CPU
		{2A38E12D-8B26-47CB-8CEE-B78375694914}.Debug|Any CPU.ActiveCfg = Debug|Any CPU
		{2A38E12D-8B26-47CB-8CEE-B78375694914}.Debug|Any CPU.Build.0 = Debug|Any CPU
		{2A38E12D-8B26-47CB-8CEE-B78375694914}.Release|Any CPU.ActiveCfg = Release|Any CPU
		{2A38E12D-8B26-47CB-8CEE-B78375694914}.Release|Any CPU.Build.0 = Release|Any CPU
		{FD2789A9-E5D1-4557-85E3-024CA8A74FC2}.Debug|Any CPU.ActiveCfg = Debug|Any CPU
		{FD2789A9-E5D1-4557-85E3-024CA8A74FC2}.Debug|Any CPU.Build.0 = Debug|Any CPU
		{FD2789A9-E5D1-4557-85E3-024CA8A74FC2}.Release|Any CPU.ActiveCfg = Release|Any CPU
		{FD2789A9-E5D1-4557-85E3-024CA8A74FC2}.Release|Any CPU.Build.0 = Release|Any CPU
	EndGlobalSection
	GlobalSection(SolutionProperties) = preSolution
		HideSolutionNode = FALSE
	EndGlobalSection
	GlobalSection(ExtensibilityGlobals) = postSolution
		SolutionGuid = {C204B0F0-0EDF-45E3-887B-BDC543DA58DE}
	EndGlobalSection
EndGlobal
